
Microsoft Visual Studio Solution File, Format Version 12.00
# Visual Studio 15
VisualStudioVersion = 15.0.27004.2009
MinimumVisualStudioVersion = 10.0.40219.1
Project("{FAE04EC0-301F-11D3-BF4B-00C04F79EFBC}") = "SpeedUpTest", "MPI.SpeedUpTest\SpeedUpTest.csproj", "{155252B1-6BF2-47C7-B2D1-F0CF7D52F3B3}"
EndProject
Global
	GlobalSection(SolutionConfigurationPlatforms) = preSolution
		Debug|Any CPU = Debug|Any CPU
		Release|Any CPU = Release|Any CPU
	EndGlobalSection
	GlobalSection(ProjectConfigurationPlatforms) = postSolution
		{155252B1-6BF2-47C7-B2D1-F0CF7D52F3B3}.Debug|Any CPU.ActiveCfg = Debug|Any CPU
		{155252B1-6BF2-47C7-B2D1-F0CF7D52F3B3}.Debug|Any CPU.Build.0 = Debug|Any CPU
		{155252B1-6BF2-47C7-B2D1-F0CF7D52F3B3}.Release|Any CPU.ActiveCfg = Release|Any CPU
		{155252B1-6BF2-47C7-B2D1-F0CF7D52F3B3}.Release|Any CPU.Build.0 = Release|Any CPU
	EndGlobalSection
	GlobalSection(SolutionProperties) = preSolution
		HideSolutionNode = FALSE
	EndGlobalSection
	GlobalSection(ExtensibilityGlobals) = postSolution
		SolutionGuid = {F172F0C9-2390-4878-8477-107785F330DB}
	EndGlobalSection
EndGlobal
